
Microsoft Visual Studio Solution File, Format Version 12.00
# Visual Studio Version 16
VisualStudioVersion = 16.0.31205.134
MinimumVisualStudioVersion = 10.0.40219.1
Project("{9A19103F-16F7-4668-BE54-9A1E7A4F7556}") = "TimeTrackingSystem.Application", "TimeTrackingSystem.Application\TimeTrackingSystem.Application.csproj", "{FDB18F93-68A6-4155-87E7-06EC25DFF6EB}"
	ProjectSection(ProjectDependencies) = postProject
		{2CD83924-8480-4732-BF44-2BE8DE1ABAA4} = {2CD83924-8480-4732-BF44-2BE8DE1ABAA4}
	EndProjectSection
EndProject
Project("{9A19103F-16F7-4668-BE54-9A1E7A4F7556}") = "TimeTrackingSystem.Domain", "TimeTrackingSystem.Domain\TimeTrackingSystem.Domain.csproj", "{2CD83924-8480-4732-BF44-2BE8DE1ABAA4}"
EndProject
Project("{9A19103F-16F7-4668-BE54-9A1E7A4F7556}") = "TimeTrackingSystem.Infrastructure", "TimeTrackingSystem.Infrastructure\TimeTrackingSystem.Infrastructure.csproj", "{34E777F4-E0B3-4928-B3CD-BD5EAA6FB325}"
	ProjectSection(ProjectDependencies) = postProject
		{2CD83924-8480-4732-BF44-2BE8DE1ABAA4} = {2CD83924-8480-4732-BF44-2BE8DE1ABAA4}
	EndProjectSection
EndProject
Project("{9A19103F-16F7-4668-BE54-9A1E7A4F7556}") = "TimeTrackingSystem.Tests", "TimeTrackingSystem.Tests\TimeTrackingSystem.Tests.csproj", "{B3651159-3332-4A00-A290-3DC4243C4DCD}"
EndProject
Project("{2150E333-8FDC-42A3-9474-1A3956D46DE8}") = "UI", "UI", "{60095E0D-9505-4FD1-A814-D9C5EC0595E4}"
EndProject
Project("{2150E333-8FDC-42A3-9474-1A3956D46DE8}") = "Domain", "Domain", "{730064C4-A3F6-4C37-BD73-671C6786FA93}"
EndProject
Project("{2150E333-8FDC-42A3-9474-1A3956D46DE8}") = "Application", "Application", "{24EA2AE3-BA9D-4574-AD0A-35C2517FE42A}"
EndProject
Project("{2150E333-8FDC-42A3-9474-1A3956D46DE8}") = "Infrastructure", "Infrastructure", "{1D284CA1-7EB9-446E-821E-B6ECF079C2DF}"
EndProject
Project("{2150E333-8FDC-42A3-9474-1A3956D46DE8}") = "Test", "Test", "{78577A92-FC3F-4D0E-9DC0-308FB5963CDC}"
EndProject
Project("{9A19103F-16F7-4668-BE54-9A1E7A4F7556}") = "TimeTrackingSystem", "TimeTrackingSystem\TimeTrackingSystem.csproj", "{9335E628-3B45-4BEF-B86D-3C403D943350}"
EndProject
Project("{FAE04EC0-301F-11D3-BF4B-00C04F79EFBC}") = "Statistics.API", "Statistics.API\Statistics.API.csproj", "{E0B3C7D2-4AAF-4808-B631-431ECAD0608D}"
EndProject
Global
	GlobalSection(SolutionConfigurationPlatforms) = preSolution
		Debug|Any CPU = Debug|Any CPU
		Release|Any CPU = Release|Any CPU
	EndGlobalSection
	GlobalSection(ProjectConfigurationPlatforms) = postSolution
		{FDB18F93-68A6-4155-87E7-06EC25DFF6EB}.Debug|Any CPU.ActiveCfg = Debug|Any CPU
		{FDB18F93-68A6-4155-87E7-06EC25DFF6EB}.Debug|Any CPU.Build.0 = Debug|Any CPU
		{FDB18F93-68A6-4155-87E7-06EC25DFF6EB}.Release|Any CPU.ActiveCfg = Release|Any CPU
		{FDB18F93-68A6-4155-87E7-06EC25DFF6EB}.Release|Any CPU.Build.0 = Release|Any CPU
		{2CD83924-8480-4732-BF44-2BE8DE1ABAA4}.Debug|Any CPU.ActiveCfg = Debug|Any CPU
		{2CD83924-8480-4732-BF44-2BE8DE1ABAA4}.Debug|Any CPU.Build.0 = Debug|Any CPU
		{2CD83924-8480-4732-BF44-2BE8DE1ABAA4}.Release|Any CPU.ActiveCfg = Release|Any CPU
		{2CD83924-8480-4732-BF44-2BE8DE1ABAA4}.Release|Any CPU.Build.0 = Release|Any CPU
		{34E777F4-E0B3-4928-B3CD-BD5EAA6FB325}.Debug|Any CPU.ActiveCfg = Debug|Any CPU
		{34E777F4-E0B3-4928-B3CD-BD5EAA6FB325}.Debug|Any CPU.Build.0 = Debug|Any CPU
		{34E777F4-E0B3-4928-B3CD-BD5EAA6FB325}.Release|Any CPU.ActiveCfg = Release|Any CPU
		{34E777F4-E0B3-4928-B3CD-BD5EAA6FB325}.Release|Any CPU.Build.0 = Release|Any CPU
		{B3651159-3332-4A00-A290-3DC4243C4DCD}.Debug|Any CPU.ActiveCfg = Debug|Any CPU
		{B3651159-3332-4A00-A290-3DC4243C4DCD}.Debug|Any CPU.Build.0 = Debug|Any CPU
		{B3651159-3332-4A00-A290-3DC4243C4DCD}.Release|Any CPU.ActiveCfg = Release|Any CPU
		{B3651159-3332-4A00-A290-3DC4243C4DCD}.Release|Any CPU.Build.0 = Release|Any CPU
		{9335E628-3B45-4BEF-B86D-3C403D943350}.Debug|Any CPU.ActiveCfg = Debug|Any CPU
		{9335E628-3B45-4BEF-B86D-3C403D943350}.Debug|Any CPU.Build.0 = Debug|Any CPU
		{9335E628-3B45-4BEF-B86D-3C403D943350}.Release|Any CPU.ActiveCfg = Release|Any CPU
		{9335E628-3B45-4BEF-B86D-3C403D943350}.Release|Any CPU.Build.0 = Release|Any CPU
		{E0B3C7D2-4AAF-4808-B631-431ECAD0608D}.Debug|Any CPU.ActiveCfg = Debug|Any CPU
		{E0B3C7D2-4AAF-4808-B631-431ECAD0608D}.Debug|Any CPU.Build.0 = Debug|Any CPU
		{E0B3C7D2-4AAF-4808-B631-431ECAD0608D}.Release|Any CPU.ActiveCfg = Release|Any CPU
		{E0B3C7D2-4AAF-4808-B631-431ECAD0608D}.Release|Any CPU.Build.0 = Release|Any CPU
	EndGlobalSection
	GlobalSection(SolutionProperties) = preSolution
		HideSolutionNode = FALSE
	EndGlobalSection
	GlobalSection(NestedProjects) = preSolution
		{FDB18F93-68A6-4155-87E7-06EC25DFF6EB} = {24EA2AE3-BA9D-4574-AD0A-35C2517FE42A}
		{2CD83924-8480-4732-BF44-2BE8DE1ABAA4} = {730064C4-A3F6-4C37-BD73-671C6786FA93}
		{34E777F4-E0B3-4928-B3CD-BD5EAA6FB325} = {1D284CA1-7EB9-446E-821E-B6ECF079C2DF}
		{B3651159-3332-4A00-A290-3DC4243C4DCD} = {78577A92-FC3F-4D0E-9DC0-308FB5963CDC}
		{9335E628-3B45-4BEF-B86D-3C403D943350} = {60095E0D-9505-4FD1-A814-D9C5EC0595E4}
	EndGlobalSection
	GlobalSection(ExtensibilityGlobals) = postSolution
		SolutionGuid = {46C25506-04EE-4736-8F77-86E1371462B0}
	EndGlobalSection
EndGlobal
